
Microsoft Visual Studio Solution File, Format Version 12.00
# Visual Studio Version 16
VisualStudioVersion = 16.0.32125.265
MinimumVisualStudioVersion = 10.0.40219.1
Project("{2150E333-8FDC-42A3-9474-1A3956D46DE8}") = "_docs", "_docs", "{8D02E56C-E278-41D9-94D4-9AA6F354B0DD}"
	ProjectSection(SolutionItems) = preProject
		_docs\CU__DevNotes.md = _docs\CU__DevNotes.md
		_docs\CU_BlazorResources.md = _docs\CU_BlazorResources.md
		_docs\CU_EFResources.md = _docs\CU_EFResources.md
		_docs\CU_Resources.md = _docs\CU_Resources.md
		_docs\CU_Tools.md = _docs\CU_Tools.md
		License.txt = License.txt
		readme.md = readme.md
	EndProjectSection
EndProject
Project("{2150E333-8FDC-42A3-9474-1A3956D46DE8}") = "Solution Items", "Solution Items", "{BF5C775D-D3E7-450F-9C9D-2127114A2DBE}"
	ProjectSection(SolutionItems) = preProject
		.editorconfig = .editorconfig
		.gitignore = .gitignore
	EndProjectSection
EndProject
Project("{9A19103F-16F7-4668-BE54-9A1E7A4F7556}") = "ContosoUniversity.Models", "ContosoUniversity.Models\ContosoUniversity.Models.csproj", "{F405C53A-437F-4A61-8DF2-BD43F7C72EA0}"
EndProject
Project("{9A19103F-16F7-4668-BE54-9A1E7A4F7556}") = "ContosoUniversity.Shared", "ContosoUniversity.Shared\ContosoUniversity.Shared.csproj", "{C8135210-A5EE-40E8-BA28-BA7A6929FED8}"
EndProject
Project("{9A19103F-16F7-4668-BE54-9A1E7A4F7556}") = "ContosoUniversity.Common", "ContosoUniversity.Common\ContosoUniversity.Common.csproj", "{E0D453E4-01C0-4FDE-8FDE-6CFFF7E56542}"
	ProjectSection(ProjectDependencies) = postProject
		{C8135210-A5EE-40E8-BA28-BA7A6929FED8} = {C8135210-A5EE-40E8-BA28-BA7A6929FED8}
		{F405C53A-437F-4A61-8DF2-BD43F7C72EA0} = {F405C53A-437F-4A61-8DF2-BD43F7C72EA0}
	EndProjectSection
EndProject
Project("{9A19103F-16F7-4668-BE54-9A1E7A4F7556}") = "ContosoUniversity.DAL", "ContosoUniversity.DAL\ContosoUniversity.DAL.csproj", "{7A9F97FE-1A2F-4E63-95BF-F10A93A0DB45}"
	ProjectSection(ProjectDependencies) = postProject
		{C8135210-A5EE-40E8-BA28-BA7A6929FED8} = {C8135210-A5EE-40E8-BA28-BA7A6929FED8}
		{F405C53A-437F-4A61-8DF2-BD43F7C72EA0} = {F405C53A-437F-4A61-8DF2-BD43F7C72EA0}
		{E0D453E4-01C0-4FDE-8FDE-6CFFF7E56542} = {E0D453E4-01C0-4FDE-8FDE-6CFFF7E56542}
	EndProjectSection
EndProject
Project("{9A19103F-16F7-4668-BE54-9A1E7A4F7556}") = "ContosoUniversity", "ContosoUniversity\ContosoUniversity.csproj", "{C7EC1414-F598-4014-9179-7BAC48EF26C0}"
	ProjectSection(ProjectDependencies) = postProject
		{C8135210-A5EE-40E8-BA28-BA7A6929FED8} = {C8135210-A5EE-40E8-BA28-BA7A6929FED8}
		{F405C53A-437F-4A61-8DF2-BD43F7C72EA0} = {F405C53A-437F-4A61-8DF2-BD43F7C72EA0}
		{E0D453E4-01C0-4FDE-8FDE-6CFFF7E56542} = {E0D453E4-01C0-4FDE-8FDE-6CFFF7E56542}
		{7A9F97FE-1A2F-4E63-95BF-F10A93A0DB45} = {7A9F97FE-1A2F-4E63-95BF-F10A93A0DB45}
	EndProjectSection
EndProject
Project("{9A19103F-16F7-4668-BE54-9A1E7A4F7556}") = "Demo.Components", "Demo.Components\Demo.Components.csproj", "{E51D2596-C29F-4F9F-B066-CA4FD94A0998}"
EndProject
Project("{9A19103F-16F7-4668-BE54-9A1E7A4F7556}") = "ContosoUniversity.Components", "ContosoUniversity.Components\ContosoUniversity.Components.csproj", "{520D3E16-FFC7-428E-8821-674D071B03CF}"
	ProjectSection(ProjectDependencies) = postProject
		{C8135210-A5EE-40E8-BA28-BA7A6929FED8} = {C8135210-A5EE-40E8-BA28-BA7A6929FED8}
		{F405C53A-437F-4A61-8DF2-BD43F7C72EA0} = {F405C53A-437F-4A61-8DF2-BD43F7C72EA0}
		{E0D453E4-01C0-4FDE-8FDE-6CFFF7E56542} = {E0D453E4-01C0-4FDE-8FDE-6CFFF7E56542}
	EndProjectSection
EndProject
Global
	GlobalSection(SolutionConfigurationPlatforms) = preSolution
		Debug|Any CPU = Debug|Any CPU
		Release|Any CPU = Release|Any CPU
	EndGlobalSection
	GlobalSection(ProjectConfigurationPlatforms) = postSolution
		{F405C53A-437F-4A61-8DF2-BD43F7C72EA0}.Debug|Any CPU.ActiveCfg = Debug|Any CPU
		{F405C53A-437F-4A61-8DF2-BD43F7C72EA0}.Debug|Any CPU.Build.0 = Debug|Any CPU
		{F405C53A-437F-4A61-8DF2-BD43F7C72EA0}.Release|Any CPU.ActiveCfg = Release|Any CPU
		{F405C53A-437F-4A61-8DF2-BD43F7C72EA0}.Release|Any CPU.Build.0 = Release|Any CPU
		{C8135210-A5EE-40E8-BA28-BA7A6929FED8}.Debug|Any CPU.ActiveCfg = Debug|Any CPU
		{C8135210-A5EE-40E8-BA28-BA7A6929FED8}.Debug|Any CPU.Build.0 = Debug|Any CPU
		{C8135210-A5EE-40E8-BA28-BA7A6929FED8}.Release|Any CPU.ActiveCfg = Release|Any CPU
		{C8135210-A5EE-40E8-BA28-BA7A6929FED8}.Release|Any CPU.Build.0 = Release|Any CPU
		{E0D453E4-01C0-4FDE-8FDE-6CFFF7E56542}.Debug|Any CPU.ActiveCfg = Debug|Any CPU
		{E0D453E4-01C0-4FDE-8FDE-6CFFF7E56542}.Debug|Any CPU.Build.0 = Debug|Any CPU
		{E0D453E4-01C0-4FDE-8FDE-6CFFF7E56542}.Release|Any CPU.ActiveCfg = Release|Any CPU
		{E0D453E4-01C0-4FDE-8FDE-6CFFF7E56542}.Release|Any CPU.Build.0 = Release|Any CPU
		{7A9F97FE-1A2F-4E63-95BF-F10A93A0DB45}.Debug|Any CPU.ActiveCfg = Debug|Any CPU
		{7A9F97FE-1A2F-4E63-95BF-F10A93A0DB45}.Debug|Any CPU.Build.0 = Debug|Any CPU
		{7A9F97FE-1A2F-4E63-95BF-F10A93A0DB45}.Release|Any CPU.ActiveCfg = Release|Any CPU
		{7A9F97FE-1A2F-4E63-95BF-F10A93A0DB45}.Release|Any CPU.Build.0 = Release|Any CPU
		{C7EC1414-F598-4014-9179-7BAC48EF26C0}.Debug|Any CPU.ActiveCfg = Debug|Any CPU
		{C7EC1414-F598-4014-9179-7BAC48EF26C0}.Debug|Any CPU.Build.0 = Debug|Any CPU
		{C7EC1414-F598-4014-9179-7BAC48EF26C0}.Release|Any CPU.ActiveCfg = Release|Any CPU
		{C7EC1414-F598-4014-9179-7BAC48EF26C0}.Release|Any CPU.Build.0 = Release|Any CPU
		{E51D2596-C29F-4F9F-B066-CA4FD94A0998}.Debug|Any CPU.ActiveCfg = Debug|Any CPU
		{E51D2596-C29F-4F9F-B066-CA4FD94A0998}.Debug|Any CPU.Build.0 = Debug|Any CPU
		{E51D2596-C29F-4F9F-B066-CA4FD94A0998}.Release|Any CPU.ActiveCfg = Release|Any CPU
		{E51D2596-C29F-4F9F-B066-CA4FD94A0998}.Release|Any CPU.Build.0 = Release|Any CPU
		{520D3E16-FFC7-428E-8821-674D071B03CF}.Debug|Any CPU.ActiveCfg = Debug|Any CPU
		{520D3E16-FFC7-428E-8821-674D071B03CF}.Debug|Any CPU.Build.0 = Debug|Any CPU
		{520D3E16-FFC7-428E-8821-674D071B03CF}.Release|Any CPU.ActiveCfg = Release|Any CPU
		{520D3E16-FFC7-428E-8821-674D071B03CF}.Release|Any CPU.Build.0 = Release|Any CPU
	EndGlobalSection
	GlobalSection(SolutionProperties) = preSolution
		HideSolutionNode = FALSE
	EndGlobalSection
	GlobalSection(ExtensibilityGlobals) = postSolution
		SolutionGuid = {6E6C814D-2E1C-422F-A076-82A15E20DE59}
	EndGlobalSection
EndGlobal
